{
  "name": "neato-emoji-converter",
  "version": "1.1.2",
  "lockfileVersion": 1,
  "requires": true,
  "dependencies": {
    "emoji-toolkit": {
      "version": "5.0.5",
      "resolved": "https://registry.npmjs.org/emoji-toolkit/-/emoji-toolkit-5.0.5.tgz",
      "integrity": "sha512-I57/yzEll8mIczqUCv2DaBhF61eBKtOwUN/7bxFPjwtwoVB9FnkRoabQRLZS6+KeSZNscw0av8o/N7tfy59PUg=="
    },
    "lodash.toarray": {
      "version": "4.4.0",
      "resolved": "https://registry.npmjs.org/lodash.toarray/-/lodash.toarray-4.4.0.tgz",
      "integrity": "sha1-JMS/zWsvuji/0FlNsRedjptlZWE="
    }
  }
}
