{
  "name": "neato-emoji-converter",
  "version": "1.1.1",
  "lockfileVersion": 1,
  "requires": true,
  "dependencies": {
    "emoji-toolkit": {
      "version": "5.0.4",
      "resolved": "https://registry.npmjs.org/emoji-toolkit/-/emoji-toolkit-5.0.4.tgz",
      "integrity": "sha512-ZZfVQkWQ+1v3q3EdeYSVOQHVg/idvOhARoG4G+hPesN1i00vSeSgI+PUrsRRQSdrET7/Fe9Jr0n7iFbLlY5dKA=="
    },
    "lodash.toarray": {
      "version": "4.4.0",
      "resolved": "https://registry.npmjs.org/lodash.toarray/-/lodash.toarray-4.4.0.tgz",
      "integrity": "sha1-JMS/zWsvuji/0FlNsRedjptlZWE="
    }
  }
}
