{
  "name": "emoji-tools",
  "version": "1.0.0",
  "lockfileVersion": 1,
  "requires": true,
  "dependencies": {
    "emoji-toolkit": {
      "version": "5.0.4",
      "resolved": "https://registry.npmjs.org/emoji-toolkit/-/emoji-toolkit-5.0.4.tgz",
      "integrity": "sha512-ZZfVQkWQ+1v3q3EdeYSVOQHVg/idvOhARoG4G+hPesN1i00vSeSgI+PUrsRRQSdrET7/Fe9Jr0n7iFbLlY5dKA=="
    },
    "lodash": {
      "version": "4.17.15",
      "resolved": "https://registry.npmjs.org/lodash/-/lodash-4.17.15.tgz",
      "integrity": "sha512-8xOcRHvCjnocdS5cpwXQXVzmmh5e5+saE2QGoeQmbKmRS6J3VQppPOIt0MnmE+4xlZoumy0GPG0D0MVIQbNA1A=="
    }
  }
}
